// !$*UTF8*$!
{
	archiveVersion = 1;
	classes = {
	};
	objectVersion = 46;
	objects = {

/* Begin PBXBuildFile section */
		1C7FB59C1AC96F5700990E06 /* AppDelegate.m in Sources */ = {isa = PBXBuildFile; fileRef = 1C7FB59B1AC96F5700990E06 /* AppDelegate.m */; };
		1C7FB59E1AC96F5700990E06 /* main.m in Sources */ = {isa = PBXBuildFile; fileRef = 1C7FB59D1AC96F5700990E06 /* main.m */; };
		1C7FB5A01AC96F5700990E06 /* Images.xcassets in Resources */ = {isa = PBXBuildFile; fileRef = 1C7FB59F1AC96F5700990E06 /* Images.xcassets */; };
		1C7FB5A31AC96F5700990E06 /* MainMenu.xib in Resources */ = {isa = PBXBuildFile; fileRef = 1C7FB5A11AC96F5700990E06 /* MainMenu.xib */; };
		1C7FB5AF1AC96F5700990E06 /* CnvrtTests.m in Sources */ = {isa = PBXBuildFile; fileRef = 1C7FB5AE1AC96F5700990E06 /* CnvrtTests.m */; };
		1C7FB5B91AC96F5D00990E06 /* menubar.tiff in Resources */ = {isa = PBXBuildFile; fileRef = 1C7FB5B81AC96F5D00990E06 /* menubar.tiff */; };
		1C86CCB41AC9EDAB00CC6926 /* menubar_highlighted.tiff in Resources */ = {isa = PBXBuildFile; fileRef = 1C86CCB31AC9EDAB00CC6926 /* menubar_highlighted.tiff */; };
		1C86CCB71AC9F71B00CC6926 /* CNLaunchManager.m in Sources */ = {isa = PBXBuildFile; fileRef = 1C86CCB61AC9F71B00CC6926 /* CNLaunchManager.m */; };
		1CA1F7081ACA14A400217C29 /* CNImageView.m in Sources */ = {isa = PBXBuildFile; fileRef = 1CA1F7071ACA14A400217C29 /* CNImageView.m */; };
		1CA1F70B1ACA1A8D00217C29 /* CNView.m in Sources */ = {isa = PBXBuildFile; fileRef = 1CA1F70A1ACA1A8D00217C29 /* CNView.m */; };
/* End PBXBuildFile section */

/* Begin PBXContainerItemProxy section */
		1C7FB5A91AC96F5700990E06 /* PBXContainerItemProxy */ = {
			isa = PBXContainerItemProxy;
			containerPortal = 1C7FB58D1AC96F5700990E06 /* Project object */;
			proxyType = 1;
			remoteGlobalIDString = 1C7FB5941AC96F5700990E06;
			remoteInfo = Cnvrt;
		};
/* End PBXContainerItemProxy section */

/* Begin PBXFileReference section */
		1C7FB5951AC96F5700990E06 /* Cnvrt.app */ = {isa = PBXFileReference; explicitFileType = wrapper.application; includeInIndex = 0; path = Cnvrt.app; sourceTree = BUILT_PRODUCTS_DIR; };
		1C7FB5991AC96F5700990E06 /* Info.plist */ = {isa = PBXFileReference; lastKnownFileType = text.plist.xml; path = Info.plist; sourceTree = "<group>"; };
		1C7FB59A1AC96F5700990E06 /* AppDelegate.h */ = {isa = PBXFileReference; lastKnownFileType = sourcecode.c.h; path = AppDelegate.h; sourceTree = "<group>"; };
		1C7FB59B1AC96F5700990E06 /* AppDelegate.m */ = {isa = PBXFileReference; lastKnownFileType = sourcecode.c.objc; path = AppDelegate.m; sourceTree = "<group>"; };
		1C7FB59D1AC96F5700990E06 /* main.m */ = {isa = PBXFileReference; lastKnownFileType = sourcecode.c.objc; path = main.m; sourceTree = "<group>"; };
		1C7FB59F1AC96F5700990E06 /* Images.xcassets */ = {isa = PBXFileReference; lastKnownFileType = folder.assetcatalog; path = Images.xcassets; sourceTree = "<group>"; };
		1C7FB5A21AC96F5700990E06 /* Base */ = {isa = PBXFileReference; lastKnownFileType = file.xib; name = Base; path = Base.lproj/MainMenu.xib; sourceTree = "<group>"; };
		1C7FB5A81AC96F5700990E06 /* CnvrtTests.xctest */ = {isa = PBXFileReference; explicitFileType = wrapper.cfbundle; includeInIndex = 0; path = CnvrtTests.xctest; sourceTree = BUILT_PRODUCTS_DIR; };
		1C7FB5AD1AC96F5700990E06 /* Info.plist */ = {isa = PBXFileReference; lastKnownFileType = text.plist.xml; path = Info.plist; sourceTree = "<group>"; };
		1C7FB5AE1AC96F5700990E06 /* CnvrtTests.m */ = {isa = PBXFileReference; lastKnownFileType = sourcecode.c.objc; path = CnvrtTests.m; sourceTree = "<group>"; };
		1C7FB5B81AC96F5D00990E06 /* menubar.tiff */ = {isa = PBXFileReference; lastKnownFileType = image.tiff; path = menubar.tiff; sourceTree = "<group>"; };
		1C86CCB31AC9EDAB00CC6926 /* menubar_highlighted.tiff */ = {isa = PBXFileReference; lastKnownFileType = image.tiff; path = menubar_highlighted.tiff; sourceTree = "<group>"; };
		1C86CCB51AC9F71B00CC6926 /* CNLaunchManager.h */ = {isa = PBXFileReference; fileEncoding = 4; lastKnownFileType = sourcecode.c.h; path = CNLaunchManager.h; sourceTree = "<group>"; };
		1C86CCB61AC9F71B00CC6926 /* CNLaunchManager.m */ = {isa = PBXFileReference; fileEncoding = 4; lastKnownFileType = sourcecode.c.objc; path = CNLaunchManager.m; sourceTree = "<group>"; };
		1CA1F7061ACA14A400217C29 /* CNImageView.h */ = {isa = PBXFileReference; fileEncoding = 4; lastKnownFileType = sourcecode.c.h; path = CNImageView.h; sourceTree = "<group>"; };
		1CA1F7071ACA14A400217C29 /* CNImageView.m */ = {isa = PBXFileReference; fileEncoding = 4; lastKnownFileType = sourcecode.c.objc; path = CNImageView.m; sourceTree = "<group>"; };
		1CA1F7091ACA1A8D00217C29 /* CNView.h */ = {isa = PBXFileReference; fileEncoding = 4; lastKnownFileType = sourcecode.c.h; path = CNView.h; sourceTree = "<group>"; };
		1CA1F70A1ACA1A8D00217C29 /* CNView.m */ = {isa = PBXFileReference; fileEncoding = 4; lastKnownFileType = sourcecode.c.objc; path = CNView.m; sourceTree = "<group>"; };
/* End PBXFileReference section */

/* Begin PBXFrameworksBuildPhase section */
		1C7FB5921AC96F5700990E06 /* Frameworks */ = {
			isa = PBXFrameworksBuildPhase;
			buildActionMask = 2147483647;
			files = (
			);
			runOnlyForDeploymentPostprocessing = 0;
		};
		1C7FB5A51AC96F5700990E06 /* Frameworks */ = {
			isa = PBXFrameworksBuildPhase;
			buildActionMask = 2147483647;
			files = (
			);
			runOnlyForDeploymentPostprocessing = 0;
		};
/* End PBXFrameworksBuildPhase section */

/* Begin PBXGroup section */
		1C7FB58C1AC96F5700990E06 = {
			isa = PBXGroup;
			children = (
				1C7FB5971AC96F5700990E06 /* Cnvrt */,
				1C7FB5AB1AC96F5700990E06 /* CnvrtTests */,
				1C7FB5961AC96F5700990E06 /* Products */,
			);
			sourceTree = "<group>";
		};
		1C7FB5961AC96F5700990E06 /* Products */ = {
			isa = PBXGroup;
			children = (
				1C7FB5951AC96F5700990E06 /* Cnvrt.app */,
				1C7FB5A81AC96F5700990E06 /* CnvrtTests.xctest */,
			);
			name = Products;
			sourceTree = "<group>";
		};
		1C7FB5971AC96F5700990E06 /* Cnvrt */ = {
			isa = PBXGroup;
			children = (
				1C7FB59A1AC96F5700990E06 /* AppDelegate.h */,
				1C7FB59B1AC96F5700990E06 /* AppDelegate.m */,
				1CA1F7091ACA1A8D00217C29 /* CNView.h */,
				1CA1F70A1ACA1A8D00217C29 /* CNView.m */,
				1CA1F7061ACA14A400217C29 /* CNImageView.h */,
				1CA1F7071ACA14A400217C29 /* CNImageView.m */,
				1C86CCB51AC9F71B00CC6926 /* CNLaunchManager.h */,
				1C86CCB61AC9F71B00CC6926 /* CNLaunchManager.m */,
				1C7FB5A11AC96F5700990E06 /* MainMenu.xib */,
				1C7FB59F1AC96F5700990E06 /* Images.xcassets */,
				1C7FB5981AC96F5700990E06 /* Supporting Files */,
			);
			path = Cnvrt;
			sourceTree = "<group>";
		};
		1C7FB5981AC96F5700990E06 /* Supporting Files */ = {
			isa = PBXGroup;
			children = (
				1C7FB5B81AC96F5D00990E06 /* menubar.tiff */,
				1C86CCB31AC9EDAB00CC6926 /* menubar_highlighted.tiff */,
				1C7FB5991AC96F5700990E06 /* Info.plist */,
				1C7FB59D1AC96F5700990E06 /* main.m */,
			);
			name = "Supporting Files";
			sourceTree = "<group>";
		};
		1C7FB5AB1AC96F5700990E06 /* CnvrtTests */ = {
			isa = PBXGroup;
			children = (
				1C7FB5AE1AC96F5700990E06 /* CnvrtTests.m */,
				1C7FB5AC1AC96F5700990E06 /* Supporting Files */,
			);
			path = CnvrtTests;
			sourceTree = "<group>";
		};
		1C7FB5AC1AC96F5700990E06 /* Supporting Files */ = {
			isa = PBXGroup;
			children = (
				1C7FB5AD1AC96F5700990E06 /* Info.plist */,
			);
			name = "Supporting Files";
			sourceTree = "<group>";
		};
/* End PBXGroup section */

/* Begin PBXNativeTarget section */
		1C7FB5941AC96F5700990E06 /* Cnvrt */ = {
			isa = PBXNativeTarget;
			buildConfigurationList = 1C7FB5B21AC96F5700990E06 /* Build configuration list for PBXNativeTarget "Cnvrt" */;
			buildPhases = (
				1C7FB5911AC96F5700990E06 /* Sources */,
				1C7FB5921AC96F5700990E06 /* Frameworks */,
				1C7FB5931AC96F5700990E06 /* Resources */,
			);
			buildRules = (
			);
			dependencies = (
			);
			name = Cnvrt;
			productName = Cnvrt;
			productReference = 1C7FB5951AC96F5700990E06 /* Cnvrt.app */;
			productType = "com.apple.product-type.application";
		};
		1C7FB5A71AC96F5700990E06 /* CnvrtTests */ = {
			isa = PBXNativeTarget;
			buildConfigurationList = 1C7FB5B51AC96F5700990E06 /* Build configuration list for PBXNativeTarget "CnvrtTests" */;
			buildPhases = (
				1C7FB5A41AC96F5700990E06 /* Sources */,
				1C7FB5A51AC96F5700990E06 /* Frameworks */,
				1C7FB5A61AC96F5700990E06 /* Resources */,
			);
			buildRules = (
			);
			dependencies = (
				1C7FB5AA1AC96F5700990E06 /* PBXTargetDependency */,
			);
			name = CnvrtTests;
			productName = CnvrtTests;
			productReference = 1C7FB5A81AC96F5700990E06 /* CnvrtTests.xctest */;
			productType = "com.apple.product-type.bundle.unit-test";
		};
/* End PBXNativeTarget section */

/* Begin PBXProject section */
		1C7FB58D1AC96F5700990E06 /* Project object */ = {
			isa = PBXProject;
			attributes = {
				LastUpgradeCheck = 0610;
				ORGANIZATIONNAME = "Timm Kandziora";
				TargetAttributes = {
					1C7FB5941AC96F5700990E06 = {
						CreatedOnToolsVersion = 6.1;
					};
					1C7FB5A71AC96F5700990E06 = {
						CreatedOnToolsVersion = 6.1;
						TestTargetID = 1C7FB5941AC96F5700990E06;
					};
				};
			};
			buildConfigurationList = 1C7FB5901AC96F5700990E06 /* Build configuration list for PBXProject "Cnvrt" */;
			compatibilityVersion = "Xcode 3.2";
			developmentRegion = English;
			hasScannedForEncodings = 0;
			knownRegions = (
				en,
				Base,
			);
			mainGroup = 1C7FB58C1AC96F5700990E06;
			productRefGroup = 1C7FB5961AC96F5700990E06 /* Products */;
			projectDirPath = "";
			projectRoot = "";
			targets = (
				1C7FB5941AC96F5700990E06 /* Cnvrt */,
				1C7FB5A71AC96F5700990E06 /* CnvrtTests */,
			);
		};
/* End PBXProject section */

/* Begin PBXResourcesBuildPhase section */
		1C7FB5931AC96F5700990E06 /* Resources */ = {
			isa = PBXResourcesBuildPhase;
			buildActionMask = 2147483647;
			files = (
				1C7FB5A01AC96F5700990E06 /* Images.xcassets in Resources */,
				1C86CCB41AC9EDAB00CC6926 /* menubar_highlighted.tiff in Resources */,
				1C7FB5A31AC96F5700990E06 /* MainMenu.xib in Resources */,
				1C7FB5B91AC96F5D00990E06 /* menubar.tiff in Resources */,
			);
			runOnlyForDeploymentPostprocessing = 0;
		};
		1C7FB5A61AC96F5700990E06 /* Resources */ = {
			isa = PBXResourcesBuildPhase;
			buildActionMask = 2147483647;
			files = (
			);
			runOnlyForDeploymentPostprocessing = 0;
		};
/* End PBXResourcesBuildPhase section */

/* Begin PBXSourcesBuildPhase section */
		1C7FB5911AC96F5700990E06 /* Sources */ = {
			isa = PBXSourcesBuildPhase;
			buildActionMask = 2147483647;
			files = (
				1C7FB59E1AC96F5700990E06 /* main.m in Sources */,
				1CA1F7081ACA14A400217C29 /* CNImageView.m in Sources */,
				1C86CCB71AC9F71B00CC6926 /* CNLaunchManager.m in Sources */,
				1C7FB59C1AC96F5700990E06 /* AppDelegate.m in Sources */,
				1CA1F70B1ACA1A8D00217C29 /* CNView.m in Sources */,
			);
			runOnlyForDeploymentPostprocessing = 0;
		};
		1C7FB5A41AC96F5700990E06 /* Sources */ = {
			isa = PBXSourcesBuildPhase;
			buildActionMask = 2147483647;
			files = (
				1C7FB5AF1AC96F5700990E06 /* CnvrtTests.m in Sources */,
			);
			runOnlyForDeploymentPostprocessing = 0;
		};
/* End PBXSourcesBuildPhase section */

/* Begin PBXTargetDependency section */
		1C7FB5AA1AC96F5700990E06 /* PBXTargetDependency */ = {
			isa = PBXTargetDependency;
			target = 1C7FB5941AC96F5700990E06 /* Cnvrt */;
			targetProxy = 1C7FB5A91AC96F5700990E06 /* PBXContainerItemProxy */;
		};
/* End PBXTargetDependency section */

/* Begin PBXVariantGroup section */
		1C7FB5A11AC96F5700990E06 /* MainMenu.xib */ = {
			isa = PBXVariantGroup;
			children = (
				1C7FB5A21AC96F5700990E06 /* Base */,
			);
			name = MainMenu.xib;
			sourceTree = "<group>";
		};
/* End PBXVariantGroup section */

/* Begin XCBuildConfiguration section */
		1C7FB5B01AC96F5700990E06 /* Debug */ = {
			isa = XCBuildConfiguration;
			buildSettings = {
				ALWAYS_SEARCH_USER_PATHS = NO;
				CLANG_CXX_LANGUAGE_STANDARD = "gnu++0x";
				CLANG_CXX_LIBRARY = "libc++";
				CLANG_ENABLE_MODULES = YES;
				CLANG_ENABLE_OBJC_ARC = YES;
				CLANG_WARN_BOOL_CONVERSION = YES;
				CLANG_WARN_CONSTANT_CONVERSION = YES;
				CLANG_WARN_DIRECT_OBJC_ISA_USAGE = YES_ERROR;
				CLANG_WARN_EMPTY_BODY = YES;
				CLANG_WARN_ENUM_CONVERSION = YES;
				CLANG_WARN_INT_CONVERSION = YES;
				CLANG_WARN_OBJC_ROOT_CLASS = YES_ERROR;
				CLANG_WARN_UNREACHABLE_CODE = YES;
				CLANG_WARN__DUPLICATE_METHOD_MATCH = YES;
				CODE_SIGN_IDENTITY = "-";
				COPY_PHASE_STRIP = NO;
				ENABLE_STRICT_OBJC_MSGSEND = YES;
				GCC_C_LANGUAGE_STANDARD = gnu99;
				GCC_DYNAMIC_NO_PIC = NO;
				GCC_OPTIMIZATION_LEVEL = 0;
				GCC_PREPROCESSOR_DEFINITIONS = (
					"DEBUG=1",
					"$(inherited)",
				);
				GCC_SYMBOLS_PRIVATE_EXTERN = NO;
				GCC_WARN_64_TO_32_BIT_CONVERSION = YES;
				GCC_WARN_ABOUT_RETURN_TYPE = YES_ERROR;
				GCC_WARN_UNDECLARED_SELECTOR = YES;
				GCC_WARN_UNINITIALIZED_AUTOS = YES_AGGRESSIVE;
				GCC_WARN_UNUSED_FUNCTION = YES;
				GCC_WARN_UNUSED_VARIABLE = YES;
				MACOSX_DEPLOYMENT_TARGET = 10.9;
				MTL_ENABLE_DEBUG_INFO = YES;
				ONLY_ACTIVE_ARCH = YES;
				SDKROOT = macosx;
			};
			name = Debug;
		};
		1C7FB5B11AC96F5700990E06 /* Release */ = {
			isa = XCBuildConfiguration;
			buildSettings = {
				ALWAYS_SEARCH_USER_PATHS = NO;
				CLANG_CXX_LANGUAGE_STANDARD = "gnu++0x";
				CLANG_CXX_LIBRARY = "libc++";
				CLANG_ENABLE_MODULES = YES;
				CLANG_ENABLE_OBJC_ARC = YES;
				CLANG_WARN_BOOL_CONVERSION = YES;
				CLANG_WARN_CONSTANT_CONVERSION = YES;
				CLANG_WARN_DIRECT_OBJC_ISA_USAGE = YES_ERROR;
				CLANG_WARN_EMPTY_BODY = YES;
				CLANG_WARN_ENUM_CONVERSION = YES;
				CLANG_WARN_INT_CONVERSION = YES;
				CLANG_WARN_OBJC_ROOT_CLASS = YES_ERROR;
				CLANG_WARN_UNREACHABLE_CODE = YES;
				CLANG_WARN__DUPLICATE_METHOD_MATCH = YES;
				CODE_SIGN_IDENTITY = "-";
				COPY_PHASE_STRIP = YES;
				DEBUG_INFORMATION_FORMAT = "dwarf-with-dsym";
				ENABLE_NS_ASSERTIONS = NO;
				ENABLE_STRICT_OBJC_MSGSEND = YES;
				GCC_C_LANGUAGE_STANDARD = gnu99;
				GCC_WARN_64_TO_32_BIT_CONVERSION = YES;
				GCC_WARN_ABOUT_RETURN_TYPE = YES_ERROR;
				GCC_WARN_UNDECLARED_SELECTOR = YES;
				GCC_WARN_UNINITIALIZED_AUTOS = YES_AGGRESSIVE;
				GCC_WARN_UNUSED_FUNCTION = YES;
				GCC_WARN_UNUSED_VARIABLE = YES;
				MACOSX_DEPLOYMENT_TARGET = 10.9;
				MTL_ENABLE_DEBUG_INFO = NO;
				SDKROOT = macosx;
			};
			name = Release;
		};
		1C7FB5B31AC96F5700990E06 /* Debug */ = {
			isa = XCBuildConfiguration;
			buildSettings = {
				ASSETCATALOG_COMPILER_APPICON_NAME = AppIcon;
				COMBINE_HIDPI_IMAGES = YES;
				INFOPLIST_FILE = Cnvrt/Info.plist;
				LD_RUNPATH_SEARCH_PATHS = "$(inherited) @executable_path/../Frameworks";
				PRODUCT_NAME = "$(TARGET_NAME)";
			};
			name = Debug;
		};
		1C7FB5B41AC96F5700990E06 /* Release */ = {
			isa = XCBuildConfiguration;
			buildSettings = {
				ASSETCATALOG_COMPILER_APPICON_NAME = AppIcon;
				COMBINE_HIDPI_IMAGES = YES;
				INFOPLIST_FILE = Cnvrt/Info.plist;
				LD_RUNPATH_SEARCH_PATHS = "$(inherited) @executable_path/../Frameworks";
				PRODUCT_NAME = "$(TARGET_NAME)";
			};
			name = Release;
		};
		1C7FB5B61AC96F5700990E06 /* Debug */ = {
			isa = XCBuildConfiguration;
			buildSettings = {
				BUNDLE_LOADER = "$(TEST_HOST)";
				COMBINE_HIDPI_IMAGES = YES;
				FRAMEWORK_SEARCH_PATHS = (
					"$(DEVELOPER_FRAMEWORKS_DIR)",
					"$(inherited)",
				);
				GCC_PREPROCESSOR_DEFINITIONS = (
					"DEBUG=1",
					"$(inherited)",
				);
				INFOPLIST_FILE = CnvrtTests/Info.plist;
				LD_RUNPATH_SEARCH_PATHS = "$(inherited) @executable_path/../Frameworks @loader_path/../Frameworks";
				PRODUCT_NAME = "$(TARGET_NAME)";
				TEST_HOST = "$(BUILT_PRODUCTS_DIR)/Cnvrt.app/Contents/MacOS/Cnvrt";
			};
			name = Debug;
		};
		1C7FB5B71AC96F5700990E06 /* Release */ = {
			isa = XCBuildConfiguration;
			buildSettings = {
				BUNDLE_LOADER = "$(TEST_HOST)";
				COMBINE_HIDPI_IMAGES = YES;
				FRAMEWORK_SEARCH_PATHS = (
					"$(DEVELOPER_FRAMEWORKS_DIR)",
					"$(inherited)",
				);
				INFOPLIST_FILE = CnvrtTests/Info.plist;
				LD_RUNPATH_SEARCH_PATHS = "$(inherited) @executable_path/../Frameworks @loader_path/../Frameworks";
				PRODUCT_NAME = "$(TARGET_NAME)";
				TEST_HOST = "$(BUILT_PRODUCTS_DIR)/Cnvrt.app/Contents/MacOS/Cnvrt";
			};
			name = Release;
		};
/* End XCBuildConfiguration section */

/* Begin XCConfigurationList section */
		1C7FB5901AC96F5700990E06 /* Build configuration list for PBXProject "Cnvrt" */ = {
			isa = XCConfigurationList;
			buildConfigurations = (
				1C7FB5B01AC96F5700990E06 /* Debug */,
				1C7FB5B11AC96F5700990E06 /* Release */,
			);
			defaultConfigurationIsVisible = 0;
			defaultConfigurationName = Release;
		};
		1C7FB5B21AC96F5700990E06 /* Build configuration list for PBXNativeTarget "Cnvrt" */ = {
			isa = XCConfigurationList;
			buildConfigurations = (
				1C7FB5B31AC96F5700990E06 /* Debug */,
				1C7FB5B41AC96F5700990E06 /* Release */,
			);
			defaultConfigurationIsVisible = 0;
			defaultConfigurationName = Release;
		};
		1C7FB5B51AC96F5700990E06 /* Build configuration list for PBXNativeTarget "CnvrtTests" */ = {
			isa = XCConfigurationList;
			buildConfigurations = (
				1C7FB5B61AC96F5700990E06 /* Debug */,
				1C7FB5B71AC96F5700990E06 /* Release */,
			);
			defaultConfigurationIsVisible = 0;
			defaultConfigurationName = Release;
		};
/* End XCConfigurationList section */
	};
	rootObject = 1C7FB58D1AC96F5700990E06 /* Project object */;
}
